
Microsoft Visual Studio Solution File, Format Version 12.00
# Visual Studio Version 16
VisualStudioVersion = 16.0.32002.261
MinimumVisualStudioVersion = 10.0.40219.1
Project("{FAE04EC0-301F-11D3-BF4B-00C04F79EFBC}") = "LoadMods", "LoadMods.csproj", "{8778DA36-4D61-4ED5-AEA6-BFFB8CB7990E}"
EndProject
Global
	GlobalSection(SolutionConfigurationPlatforms) = preSolution
		Debug|Any CPU = Debug|Any CPU
		Release|Any CPU = Release|Any CPU
	EndGlobalSection
	GlobalSection(ProjectConfigurationPlatforms) = postSolution
		{8778DA36-4D61-4ED5-AEA6-BFFB8CB7990E}.Debug|Any CPU.ActiveCfg = Debug|Any CPU
		{8778DA36-4D61-4ED5-AEA6-BFFB8CB7990E}.Debug|Any CPU.Build.0 = Debug|Any CPU
		{8778DA36-4D61-4ED5-AEA6-BFFB8CB7990E}.Release|Any CPU.ActiveCfg = Release|Any CPU
		{8778DA36-4D61-4ED5-AEA6-BFFB8CB7990E}.Release|Any CPU.Build.0 = Release|Any CPU
	EndGlobalSection
	GlobalSection(SolutionProperties) = preSolution
		HideSolutionNode = FALSE
	EndGlobalSection
	GlobalSection(ExtensibilityGlobals) = postSolution
		SolutionGuid = {7DB9F327-E121-4923-95E4-A30E105F43EA}
	EndGlobalSection
EndGlobal
